// !$*UTF8*$!
{
	archiveVersion = 1;
	classes = {
	};
	objectVersion = 46;
	objects = {

/* Begin PBXBuildFile section */
		F2E5A0201B582360003244F2 /* main.m in Sources */ = {isa = PBXBuildFile; fileRef = F2E5A01F1B582360003244F2 /* main.m */; };
		F2E5A0231B582360003244F2 /* AppDelegate.m in Sources */ = {isa = PBXBuildFile; fileRef = F2E5A0221B582360003244F2 /* AppDelegate.m */; };
		F2E5A0261B582360003244F2 /* ELDHomeViewController.m in Sources */ = {isa = PBXBuildFile; fileRef = F2E5A0251B582360003244F2 /* ELDHomeViewController.m */; };
		F2E5A0291B582360003244F2 /* Main.storyboard in Resources */ = {isa = PBXBuildFile; fileRef = F2E5A0271B582360003244F2 /* Main.storyboard */; };
		F2E5A02B1B582360003244F2 /* Images.xcassets in Resources */ = {isa = PBXBuildFile; fileRef = F2E5A02A1B582360003244F2 /* Images.xcassets */; };
		F2E5A02E1B582360003244F2 /* LaunchScreen.xib in Resources */ = {isa = PBXBuildFile; fileRef = F2E5A02C1B582360003244F2 /* LaunchScreen.xib */; };
		F2E5A03A1B582360003244F2 /* My_First_iOS_AppTests.m in Sources */ = {isa = PBXBuildFile; fileRef = F2E5A0391B582360003244F2 /* My_First_iOS_AppTests.m */; };
		F2E5A04C1B58256A003244F2 /* ELDViewController.m in Sources */ = {isa = PBXBuildFile; fileRef = F2E5A04B1B58256A003244F2 /* ELDViewController.m */; };
		F2E5A0501B5825FB003244F2 /* ELDUserSetupViewController.m in Sources */ = {isa = PBXBuildFile; fileRef = F2E5A04F1B5825FB003244F2 /* ELDUserSetupViewController.m */; };
		F2E5A0541B582695003244F2 /* ELDPerson.m in Sources */ = {isa = PBXBuildFile; fileRef = F2E5A0531B582695003244F2 /* ELDPerson.m */; };
		F2E5A0591B582C52003244F2 /* ELDGreetingViewController.m in Sources */ = {isa = PBXBuildFile; fileRef = F2E5A0571B582C52003244F2 /* ELDGreetingViewController.m */; };
		F2E5A05A1B582C52003244F2 /* ELDGreetingViewController.xib in Resources */ = {isa = PBXBuildFile; fileRef = F2E5A0581B582C52003244F2 /* ELDGreetingViewController.xib */; };
		F2E5A05D1B58336A003244F2 /* ELDTouchView.m in Sources */ = {isa = PBXBuildFile; fileRef = F2E5A05C1B58336A003244F2 /* ELDTouchView.m */; };
/* End PBXBuildFile section */

/* Begin PBXContainerItemProxy section */
		F2E5A0341B582360003244F2 /* PBXContainerItemProxy */ = {
			isa = PBXContainerItemProxy;
			containerPortal = F2E5A0121B582360003244F2 /* Project object */;
			proxyType = 1;
			remoteGlobalIDString = F2E5A0191B582360003244F2;
			remoteInfo = "My First iOS App";
		};
/* End PBXContainerItemProxy section */

/* Begin PBXFileReference section */
		F2E5A01A1B582360003244F2 /* My First iOS App.app */ = {isa = PBXFileReference; explicitFileType = wrapper.application; includeInIndex = 0; path = "My First iOS App.app"; sourceTree = BUILT_PRODUCTS_DIR; };
		F2E5A01E1B582360003244F2 /* Info.plist */ = {isa = PBXFileReference; lastKnownFileType = text.plist.xml; path = Info.plist; sourceTree = "<group>"; };
		F2E5A01F1B582360003244F2 /* main.m */ = {isa = PBXFileReference; lastKnownFileType = sourcecode.c.objc; path = main.m; sourceTree = "<group>"; };
		F2E5A0211B582360003244F2 /* AppDelegate.h */ = {isa = PBXFileReference; lastKnownFileType = sourcecode.c.h; path = AppDelegate.h; sourceTree = "<group>"; };
		F2E5A0221B582360003244F2 /* AppDelegate.m */ = {isa = PBXFileReference; lastKnownFileType = sourcecode.c.objc; path = AppDelegate.m; sourceTree = "<group>"; };
		F2E5A0241B582360003244F2 /* ELDHomeViewController.h */ = {isa = PBXFileReference; lastKnownFileType = sourcecode.c.h; path = ELDHomeViewController.h; sourceTree = "<group>"; };
		F2E5A0251B582360003244F2 /* ELDHomeViewController.m */ = {isa = PBXFileReference; lastKnownFileType = sourcecode.c.objc; path = ELDHomeViewController.m; sourceTree = "<group>"; };
		F2E5A0281B582360003244F2 /* Base */ = {isa = PBXFileReference; lastKnownFileType = file.storyboard; name = Base; path = Base.lproj/Main.storyboard; sourceTree = "<group>"; };
		F2E5A02A1B582360003244F2 /* Images.xcassets */ = {isa = PBXFileReference; lastKnownFileType = folder.assetcatalog; path = Images.xcassets; sourceTree = "<group>"; };
		F2E5A02D1B582360003244F2 /* Base */ = {isa = PBXFileReference; lastKnownFileType = file.xib; name = Base; path = Base.lproj/LaunchScreen.xib; sourceTree = "<group>"; };
		F2E5A0331B582360003244F2 /* My First iOS AppTests.xctest */ = {isa = PBXFileReference; explicitFileType = wrapper.cfbundle; includeInIndex = 0; path = "My First iOS AppTests.xctest"; sourceTree = BUILT_PRODUCTS_DIR; };
		F2E5A0381B582360003244F2 /* Info.plist */ = {isa = PBXFileReference; lastKnownFileType = text.plist.xml; path = Info.plist; sourceTree = "<group>"; };
		F2E5A0391B582360003244F2 /* My_First_iOS_AppTests.m */ = {isa = PBXFileReference; lastKnownFileType = sourcecode.c.objc; path = My_First_iOS_AppTests.m; sourceTree = "<group>"; };
		F2E5A04A1B58256A003244F2 /* ELDViewController.h */ = {isa = PBXFileReference; fileEncoding = 4; lastKnownFileType = sourcecode.c.h; name = ELDViewController.h; path = Controllers/ELDViewController.h; sourceTree = "<group>"; };
		F2E5A04B1B58256A003244F2 /* ELDViewController.m */ = {isa = PBXFileReference; fileEncoding = 4; lastKnownFileType = sourcecode.c.objc; name = ELDViewController.m; path = Controllers/ELDViewController.m; sourceTree = "<group>"; };
		F2E5A04E1B5825FB003244F2 /* ELDUserSetupViewController.h */ = {isa = PBXFileReference; fileEncoding = 4; lastKnownFileType = sourcecode.c.h; name = ELDUserSetupViewController.h; path = Controllers/ELDUserSetupViewController.h; sourceTree = "<group>"; };
		F2E5A04F1B5825FB003244F2 /* ELDUserSetupViewController.m */ = {isa = PBXFileReference; fileEncoding = 4; lastKnownFileType = sourcecode.c.objc; name = ELDUserSetupViewController.m; path = Controllers/ELDUserSetupViewController.m; sourceTree = "<group>"; };
		F2E5A0521B582695003244F2 /* ELDPerson.h */ = {isa = PBXFileReference; fileEncoding = 4; lastKnownFileType = sourcecode.c.h; name = ELDPerson.h; path = Model/ELDPerson.h; sourceTree = "<group>"; };
		F2E5A0531B582695003244F2 /* ELDPerson.m */ = {isa = PBXFileReference; fileEncoding = 4; lastKnownFileType = sourcecode.c.objc; name = ELDPerson.m; path = Model/ELDPerson.m; sourceTree = "<group>"; };
		F2E5A0561B582C52003244F2 /* ELDGreetingViewController.h */ = {isa = PBXFileReference; fileEncoding = 4; lastKnownFileType = sourcecode.c.h; name = ELDGreetingViewController.h; path = Controllers/ELDGreetingViewController.h; sourceTree = "<group>"; };
		F2E5A0571B582C52003244F2 /* ELDGreetingViewController.m */ = {isa = PBXFileReference; fileEncoding = 4; lastKnownFileType = sourcecode.c.objc; name = ELDGreetingViewController.m; path = Controllers/ELDGreetingViewController.m; sourceTree = "<group>"; };
		F2E5A0581B582C52003244F2 /* ELDGreetingViewController.xib */ = {isa = PBXFileReference; fileEncoding = 4; lastKnownFileType = file.xib; name = ELDGreetingViewController.xib; path = Controllers/ELDGreetingViewController.xib; sourceTree = "<group>"; };
		F2E5A05B1B58336A003244F2 /* ELDTouchView.h */ = {isa = PBXFileReference; fileEncoding = 4; lastKnownFileType = sourcecode.c.h; name = ELDTouchView.h; path = Views/ELDTouchView.h; sourceTree = "<group>"; };
		F2E5A05C1B58336A003244F2 /* ELDTouchView.m */ = {isa = PBXFileReference; fileEncoding = 4; lastKnownFileType = sourcecode.c.objc; name = ELDTouchView.m; path = Views/ELDTouchView.m; sourceTree = "<group>"; };
/* End PBXFileReference section */

/* Begin PBXFrameworksBuildPhase section */
		F2E5A0171B582360003244F2 /* Frameworks */ = {
			isa = PBXFrameworksBuildPhase;
			buildActionMask = 2147483647;
			files = (
			);
			runOnlyForDeploymentPostprocessing = 0;
		};
		F2E5A0301B582360003244F2 /* Frameworks */ = {
			isa = PBXFrameworksBuildPhase;
			buildActionMask = 2147483647;
			files = (
			);
			runOnlyForDeploymentPostprocessing = 0;
		};
/* End PBXFrameworksBuildPhase section */

/* Begin PBXGroup section */
		F2E5A0111B582360003244F2 = {
			isa = PBXGroup;
			children = (
				F2E5A01C1B582360003244F2 /* My First iOS App */,
				F2E5A0361B582360003244F2 /* My First iOS AppTests */,
				F2E5A01B1B582360003244F2 /* Products */,
			);
			sourceTree = "<group>";
		};
		F2E5A01B1B582360003244F2 /* Products */ = {
			isa = PBXGroup;
			children = (
				F2E5A01A1B582360003244F2 /* My First iOS App.app */,
				F2E5A0331B582360003244F2 /* My First iOS AppTests.xctest */,
			);
			name = Products;
			sourceTree = "<group>";
		};
		F2E5A01C1B582360003244F2 /* My First iOS App */ = {
			isa = PBXGroup;
			children = (
				F2E5A0431B5824AE003244F2 /* App Delegate */,
				F2E5A0451B5824D4003244F2 /* Controllers */,
				F2E5A04D1B5825A0003244F2 /* Views */,
				F2E5A0511B58263E003244F2 /* Model */,
				F2E5A0441B5824BF003244F2 /* Resources */,
				F2E5A01D1B582360003244F2 /* Supporting Files */,
			);
			path = "My First iOS App";
			sourceTree = "<group>";
		};
		F2E5A01D1B582360003244F2 /* Supporting Files */ = {
			isa = PBXGroup;
			children = (
				F2E5A01E1B582360003244F2 /* Info.plist */,
				F2E5A01F1B582360003244F2 /* main.m */,
			);
			name = "Supporting Files";
			sourceTree = "<group>";
		};
		F2E5A0361B582360003244F2 /* My First iOS AppTests */ = {
			isa = PBXGroup;
			children = (
				F2E5A0391B582360003244F2 /* My_First_iOS_AppTests.m */,
				F2E5A0371B582360003244F2 /* Supporting Files */,
			);
			path = "My First iOS AppTests";
			sourceTree = "<group>";
		};
		F2E5A0371B582360003244F2 /* Supporting Files */ = {
			isa = PBXGroup;
			children = (
				F2E5A0381B582360003244F2 /* Info.plist */,
			);
			name = "Supporting Files";
			sourceTree = "<group>";
		};
		F2E5A0431B5824AE003244F2 /* App Delegate */ = {
			isa = PBXGroup;
			children = (
				F2E5A0211B582360003244F2 /* AppDelegate.h */,
				F2E5A0221B582360003244F2 /* AppDelegate.m */,
			);
			name = "App Delegate";
			sourceTree = "<group>";
		};
		F2E5A0441B5824BF003244F2 /* Resources */ = {
			isa = PBXGroup;
			children = (
				F2E5A0271B582360003244F2 /* Main.storyboard */,
				F2E5A02A1B582360003244F2 /* Images.xcassets */,
				F2E5A02C1B582360003244F2 /* LaunchScreen.xib */,
			);
			name = Resources;
			sourceTree = "<group>";
		};
		F2E5A0451B5824D4003244F2 /* Controllers */ = {
			isa = PBXGroup;
			children = (
				F2E5A0461B5824F4003244F2 /* Base */,
				F2E5A0471B5824FA003244F2 /* Home */,
				F2E5A0481B58250E003244F2 /* User Setup */,
				F2E5A0491B582533003244F2 /* Greeting */,
			);
			name = Controllers;
			sourceTree = "<group>";
		};
		F2E5A0461B5824F4003244F2 /* Base */ = {
			isa = PBXGroup;
			children = (
				F2E5A04A1B58256A003244F2 /* ELDViewController.h */,
				F2E5A04B1B58256A003244F2 /* ELDViewController.m */,
			);
			name = Base;
			sourceTree = "<group>";
		};
		F2E5A0471B5824FA003244F2 /* Home */ = {
			isa = PBXGroup;
			children = (
				F2E5A0241B582360003244F2 /* ELDHomeViewController.h */,
				F2E5A0251B582360003244F2 /* ELDHomeViewController.m */,
			);
			name = Home;
			sourceTree = "<group>";
		};
		F2E5A0481B58250E003244F2 /* User Setup */ = {
			isa = PBXGroup;
			children = (
				F2E5A04E1B5825FB003244F2 /* ELDUserSetupViewController.h */,
				F2E5A04F1B5825FB003244F2 /* ELDUserSetupViewController.m */,
			);
			name = "User Setup";
			sourceTree = "<group>";
		};
		F2E5A0491B582533003244F2 /* Greeting */ = {
			isa = PBXGroup;
			children = (
				F2E5A0561B582C52003244F2 /* ELDGreetingViewController.h */,
				F2E5A0571B582C52003244F2 /* ELDGreetingViewController.m */,
				F2E5A0581B582C52003244F2 /* ELDGreetingViewController.xib */,
			);
			name = Greeting;
			sourceTree = "<group>";
		};
		F2E5A04D1B5825A0003244F2 /* Views */ = {
			isa = PBXGroup;
			children = (
				F2E5A05B1B58336A003244F2 /* ELDTouchView.h */,
				F2E5A05C1B58336A003244F2 /* ELDTouchView.m */,
			);
			name = Views;
			sourceTree = "<group>";
		};
		F2E5A0511B58263E003244F2 /* Model */ = {
			isa = PBXGroup;
			children = (
				F2E5A0521B582695003244F2 /* ELDPerson.h */,
				F2E5A0531B582695003244F2 /* ELDPerson.m */,
			);
			name = Model;
			sourceTree = "<group>";
		};
/* End PBXGroup section */

/* Begin PBXNativeTarget section */
		F2E5A0191B582360003244F2 /* My First iOS App */ = {
			isa = PBXNativeTarget;
			buildConfigurationList = F2E5A03D1B582360003244F2 /* Build configuration list for PBXNativeTarget "My First iOS App" */;
			buildPhases = (
				F2E5A0161B582360003244F2 /* Sources */,
				F2E5A0171B582360003244F2 /* Frameworks */,
				F2E5A0181B582360003244F2 /* Resources */,
			);
			buildRules = (
			);
			dependencies = (
			);
			name = "My First iOS App";
			productName = "My First iOS App";
			productReference = F2E5A01A1B582360003244F2 /* My First iOS App.app */;
			productType = "com.apple.product-type.application";
		};
		F2E5A0321B582360003244F2 /* My First iOS AppTests */ = {
			isa = PBXNativeTarget;
			buildConfigurationList = F2E5A0401B582360003244F2 /* Build configuration list for PBXNativeTarget "My First iOS AppTests" */;
			buildPhases = (
				F2E5A02F1B582360003244F2 /* Sources */,
				F2E5A0301B582360003244F2 /* Frameworks */,
				F2E5A0311B582360003244F2 /* Resources */,
			);
			buildRules = (
			);
			dependencies = (
				F2E5A0351B582360003244F2 /* PBXTargetDependency */,
			);
			name = "My First iOS AppTests";
			productName = "My First iOS AppTests";
			productReference = F2E5A0331B582360003244F2 /* My First iOS AppTests.xctest */;
			productType = "com.apple.product-type.bundle.unit-test";
		};
/* End PBXNativeTarget section */

/* Begin PBXProject section */
		F2E5A0121B582360003244F2 /* Project object */ = {
			isa = PBXProject;
			attributes = {
				LastUpgradeCheck = 0640;
				ORGANIZATIONNAME = za.co.elad;
				TargetAttributes = {
					F2E5A0191B582360003244F2 = {
						CreatedOnToolsVersion = 6.4;
					};
					F2E5A0321B582360003244F2 = {
						CreatedOnToolsVersion = 6.4;
						TestTargetID = F2E5A0191B582360003244F2;
					};
				};
			};
			buildConfigurationList = F2E5A0151B582360003244F2 /* Build configuration list for PBXProject "My First iOS App" */;
			compatibilityVersion = "Xcode 3.2";
			developmentRegion = English;
			hasScannedForEncodings = 0;
			knownRegions = (
				en,
				Base,
			);
			mainGroup = F2E5A0111B582360003244F2;
			productRefGroup = F2E5A01B1B582360003244F2 /* Products */;
			projectDirPath = "";
			projectRoot = "";
			targets = (
				F2E5A0191B582360003244F2 /* My First iOS App */,
				F2E5A0321B582360003244F2 /* My First iOS AppTests */,
			);
		};
/* End PBXProject section */

/* Begin PBXResourcesBuildPhase section */
		F2E5A0181B582360003244F2 /* Resources */ = {
			isa = PBXResourcesBuildPhase;
			buildActionMask = 2147483647;
			files = (
				F2E5A0291B582360003244F2 /* Main.storyboard in Resources */,
				F2E5A02E1B582360003244F2 /* LaunchScreen.xib in Resources */,
				F2E5A02B1B582360003244F2 /* Images.xcassets in Resources */,
				F2E5A05A1B582C52003244F2 /* ELDGreetingViewController.xib in Resources */,
			);
			runOnlyForDeploymentPostprocessing = 0;
		};
		F2E5A0311B582360003244F2 /* Resources */ = {
			isa = PBXResourcesBuildPhase;
			buildActionMask = 2147483647;
			files = (
			);
			runOnlyForDeploymentPostprocessing = 0;
		};
/* End PBXResourcesBuildPhase section */

/* Begin PBXSourcesBuildPhase section */
		F2E5A0161B582360003244F2 /* Sources */ = {
			isa = PBXSourcesBuildPhase;
			buildActionMask = 2147483647;
			files = (
				F2E5A0261B582360003244F2 /* ELDHomeViewController.m in Sources */,
				F2E5A0591B582C52003244F2 /* ELDGreetingViewController.m in Sources */,
				F2E5A0501B5825FB003244F2 /* ELDUserSetupViewController.m in Sources */,
				F2E5A0541B582695003244F2 /* ELDPerson.m in Sources */,
				F2E5A05D1B58336A003244F2 /* ELDTouchView.m in Sources */,
				F2E5A0231B582360003244F2 /* AppDelegate.m in Sources */,
				F2E5A04C1B58256A003244F2 /* ELDViewController.m in Sources */,
				F2E5A0201B582360003244F2 /* main.m in Sources */,
			);
			runOnlyForDeploymentPostprocessing = 0;
		};
		F2E5A02F1B582360003244F2 /* Sources */ = {
			isa = PBXSourcesBuildPhase;
			buildActionMask = 2147483647;
			files = (
				F2E5A03A1B582360003244F2 /* My_First_iOS_AppTests.m in Sources */,
			);
			runOnlyForDeploymentPostprocessing = 0;
		};
/* End PBXSourcesBuildPhase section */

/* Begin PBXTargetDependency section */
		F2E5A0351B582360003244F2 /* PBXTargetDependency */ = {
			isa = PBXTargetDependency;
			target = F2E5A0191B582360003244F2 /* My First iOS App */;
			targetProxy = F2E5A0341B582360003244F2 /* PBXContainerItemProxy */;
		};
/* End PBXTargetDependency section */

/* Begin PBXVariantGroup section */
		F2E5A0271B582360003244F2 /* Main.storyboard */ = {
			isa = PBXVariantGroup;
			children = (
				F2E5A0281B582360003244F2 /* Base */,
			);
			name = Main.storyboard;
			sourceTree = "<group>";
		};
		F2E5A02C1B582360003244F2 /* LaunchScreen.xib */ = {
			isa = PBXVariantGroup;
			children = (
				F2E5A02D1B582360003244F2 /* Base */,
			);
			name = LaunchScreen.xib;
			sourceTree = "<group>";
		};
/* End PBXVariantGroup section */

/* Begin XCBuildConfiguration section */
		F2E5A03B1B582360003244F2 /* Debug */ = {
			isa = XCBuildConfiguration;
			buildSettings = {
				ALWAYS_SEARCH_USER_PATHS = NO;
				CLANG_CXX_LANGUAGE_STANDARD = "gnu++0x";
				CLANG_CXX_LIBRARY = "libc++";
				CLANG_ENABLE_MODULES = YES;
				CLANG_ENABLE_OBJC_ARC = YES;
				CLANG_WARN_BOOL_CONVERSION = YES;
				CLANG_WARN_CONSTANT_CONVERSION = YES;
				CLANG_WARN_DIRECT_OBJC_ISA_USAGE = YES_ERROR;
				CLANG_WARN_EMPTY_BODY = YES;
				CLANG_WARN_ENUM_CONVERSION = YES;
				CLANG_WARN_INT_CONVERSION = YES;
				CLANG_WARN_OBJC_ROOT_CLASS = YES_ERROR;
				CLANG_WARN_UNREACHABLE_CODE = YES;
				CLANG_WARN__DUPLICATE_METHOD_MATCH = YES;
				"CODE_SIGN_IDENTITY[sdk=iphoneos*]" = "iPhone Developer";
				COPY_PHASE_STRIP = NO;
				DEBUG_INFORMATION_FORMAT = "dwarf-with-dsym";
				ENABLE_STRICT_OBJC_MSGSEND = YES;
				GCC_C_LANGUAGE_STANDARD = gnu99;
				GCC_DYNAMIC_NO_PIC = NO;
				GCC_NO_COMMON_BLOCKS = YES;
				GCC_OPTIMIZATION_LEVEL = 0;
				GCC_PREPROCESSOR_DEFINITIONS = (
					"DEBUG=1",
					"$(inherited)",
				);
				GCC_SYMBOLS_PRIVATE_EXTERN = NO;
				GCC_WARN_64_TO_32_BIT_CONVERSION = YES;
				GCC_WARN_ABOUT_RETURN_TYPE = YES_ERROR;
				GCC_WARN_UNDECLARED_SELECTOR = YES;
				GCC_WARN_UNINITIALIZED_AUTOS = YES_AGGRESSIVE;
				GCC_WARN_UNUSED_FUNCTION = YES;
				GCC_WARN_UNUSED_VARIABLE = YES;
				IPHONEOS_DEPLOYMENT_TARGET = 8.4;
				MTL_ENABLE_DEBUG_INFO = YES;
				ONLY_ACTIVE_ARCH = YES;
				SDKROOT = iphoneos;
				TARGETED_DEVICE_FAMILY = 2;
			};
			name = Debug;
		};
		F2E5A03C1B582360003244F2 /* Release */ = {
			isa = XCBuildConfiguration;
			buildSettings = {
				ALWAYS_SEARCH_USER_PATHS = NO;
				CLANG_CXX_LANGUAGE_STANDARD = "gnu++0x";
				CLANG_CXX_LIBRARY = "libc++";
				CLANG_ENABLE_MODULES = YES;
				CLANG_ENABLE_OBJC_ARC = YES;
				CLANG_WARN_BOOL_CONVERSION = YES;
				CLANG_WARN_CONSTANT_CONVERSION = YES;
				CLANG_WARN_DIRECT_OBJC_ISA_USAGE = YES_ERROR;
				CLANG_WARN_EMPTY_BODY = YES;
				CLANG_WARN_ENUM_CONVERSION = YES;
				CLANG_WARN_INT_CONVERSION = YES;
				CLANG_WARN_OBJC_ROOT_CLASS = YES_ERROR;
				CLANG_WARN_UNREACHABLE_CODE = YES;
				CLANG_WARN__DUPLICATE_METHOD_MATCH = YES;
				"CODE_SIGN_IDENTITY[sdk=iphoneos*]" = "iPhone Developer";
				COPY_PHASE_STRIP = NO;
				DEBUG_INFORMATION_FORMAT = "dwarf-with-dsym";
				ENABLE_NS_ASSERTIONS = NO;
				ENABLE_STRICT_OBJC_MSGSEND = YES;
				GCC_C_LANGUAGE_STANDARD = gnu99;
				GCC_NO_COMMON_BLOCKS = YES;
				GCC_WARN_64_TO_32_BIT_CONVERSION = YES;
				GCC_WARN_ABOUT_RETURN_TYPE = YES_ERROR;
				GCC_WARN_UNDECLARED_SELECTOR = YES;
				GCC_WARN_UNINITIALIZED_AUTOS = YES_AGGRESSIVE;
				GCC_WARN_UNUSED_FUNCTION = YES;
				GCC_WARN_UNUSED_VARIABLE = YES;
				IPHONEOS_DEPLOYMENT_TARGET = 8.4;
				MTL_ENABLE_DEBUG_INFO = NO;
				SDKROOT = iphoneos;
				TARGETED_DEVICE_FAMILY = 2;
				VALIDATE_PRODUCT = YES;
			};
			name = Release;
		};
		F2E5A03E1B582360003244F2 /* Debug */ = {
			isa = XCBuildConfiguration;
			buildSettings = {
				ASSETCATALOG_COMPILER_APPICON_NAME = AppIcon;
				INFOPLIST_FILE = "My First iOS App/Info.plist";
				LD_RUNPATH_SEARCH_PATHS = "$(inherited) @executable_path/Frameworks";
				PRODUCT_NAME = "$(TARGET_NAME)";
			};
			name = Debug;
		};
		F2E5A03F1B582360003244F2 /* Release */ = {
			isa = XCBuildConfiguration;
			buildSettings = {
				ASSETCATALOG_COMPILER_APPICON_NAME = AppIcon;
				INFOPLIST_FILE = "My First iOS App/Info.plist";
				LD_RUNPATH_SEARCH_PATHS = "$(inherited) @executable_path/Frameworks";
				PRODUCT_NAME = "$(TARGET_NAME)";
			};
			name = Release;
		};
		F2E5A0411B582360003244F2 /* Debug */ = {
			isa = XCBuildConfiguration;
			buildSettings = {
				BUNDLE_LOADER = "$(TEST_HOST)";
				FRAMEWORK_SEARCH_PATHS = (
					"$(SDKROOT)/Developer/Library/Frameworks",
					"$(inherited)",
				);
				GCC_PREPROCESSOR_DEFINITIONS = (
					"DEBUG=1",
					"$(inherited)",
				);
				INFOPLIST_FILE = "My First iOS AppTests/Info.plist";
				LD_RUNPATH_SEARCH_PATHS = "$(inherited) @executable_path/Frameworks @loader_path/Frameworks";
				PRODUCT_NAME = "$(TARGET_NAME)";
				TEST_HOST = "$(BUILT_PRODUCTS_DIR)/My First iOS App.app/My First iOS App";
			};
			name = Debug;
		};
		F2E5A0421B582360003244F2 /* Release */ = {
			isa = XCBuildConfiguration;
			buildSettings = {
				BUNDLE_LOADER = "$(TEST_HOST)";
				FRAMEWORK_SEARCH_PATHS = (
					"$(SDKROOT)/Developer/Library/Frameworks",
					"$(inherited)",
				);
				INFOPLIST_FILE = "My First iOS AppTests/Info.plist";
				LD_RUNPATH_SEARCH_PATHS = "$(inherited) @executable_path/Frameworks @loader_path/Frameworks";
				PRODUCT_NAME = "$(TARGET_NAME)";
				TEST_HOST = "$(BUILT_PRODUCTS_DIR)/My First iOS App.app/My First iOS App";
			};
			name = Release;
		};
/* End XCBuildConfiguration section */

/* Begin XCConfigurationList section */
		F2E5A0151B582360003244F2 /* Build configuration list for PBXProject "My First iOS App" */ = {
			isa = XCConfigurationList;
			buildConfigurations = (
				F2E5A03B1B582360003244F2 /* Debug */,
				F2E5A03C1B582360003244F2 /* Release */,
			);
			defaultConfigurationIsVisible = 0;
			defaultConfigurationName = Release;
		};
		F2E5A03D1B582360003244F2 /* Build configuration list for PBXNativeTarget "My First iOS App" */ = {
			isa = XCConfigurationList;
			buildConfigurations = (
				F2E5A03E1B582360003244F2 /* Debug */,
				F2E5A03F1B582360003244F2 /* Release */,
			);
			defaultConfigurationIsVisible = 0;
		};
		F2E5A0401B582360003244F2 /* Build configuration list for PBXNativeTarget "My First iOS AppTests" */ = {
			isa = XCConfigurationList;
			buildConfigurations = (
				F2E5A0411B582360003244F2 /* Debug */,
				F2E5A0421B582360003244F2 /* Release */,
			);
			defaultConfigurationIsVisible = 0;
		};
/* End XCConfigurationList section */
	};
	rootObject = F2E5A0121B582360003244F2 /* Project object */;
}
